Microsoft Visual Studio Solution File, Format Version 12.00
# Visual Studio Version 17
VisualStudioVersion = 17.5.2.0
MinimumVisualStudioVersion = 10.0.40219.1
Project("{FAE04EC0-301F-11D3-BF4B-00C04F79EFBC}") = "ApiGenerator.DotNet", "ApiGenerator.DotNet.csproj", "{095DA80F-07A9-3575-4B8D-3F3CE416E643}"
EndProject
Global
	GlobalSection(SolutionConfigurationPlatforms) = preSolution
		Debug|Any CPU = Debug|Any CPU
		Release|Any CPU = Release|Any CPU
	EndGlobalSection
	GlobalSection(ProjectConfigurationPlatforms) = postSolution
		{095DA80F-07A9-3575-4B8D-3F3CE416E643}.Debug|Any CPU.ActiveCfg = Debug|Any CPU
		{095DA80F-07A9-3575-4B8D-3F3CE416E643}.Debug|Any CPU.Build.0 = Debug|Any CPU
		{095DA80F-07A9-3575-4B8D-3F3CE416E643}.Release|Any CPU.ActiveCfg = Release|Any CPU
		{095DA80F-07A9-3575-4B8D-3F3CE416E643}.Release|Any CPU.Build.0 = Release|Any CPU
	EndGlobalSection
	GlobalSection(SolutionProperties) = preSolution
		HideSolutionNode = FALSE
	EndGlobalSection
	GlobalSection(ExtensibilityGlobals) = postSolution
		SolutionGuid = {7415C566-E271-444D-BDC3-14E85BA20FC6}
	EndGlobalSection
EndGlobal
